
Microsoft Visual Studio Solution File, Format Version 12.00
# Visual Studio Version 17
VisualStudioVersion = 17.6.33801.468
MinimumVisualStudioVersion = 10.0.40219.1
Project("{9A19103F-16F7-4668-BE54-9A1E7A4F7556}") = "AbbyWeb", "AbbyWeb.csproj", "{93855364-E802-4EBE-9581-32349B46A2DF}"
EndProject
Global
	GlobalSection(SolutionConfigurationPlatforms) = preSolution
		Debug|Any CPU = Debug|Any CPU
		Release|Any CPU = Release|Any CPU
	EndGlobalSection
	GlobalSection(ProjectConfigurationPlatforms) = postSolution
		{93855364-E802-4EBE-9581-32349B46A2DF}.Debug|Any CPU.ActiveCfg = Debug|Any CPU
		{93855364-E802-4EBE-9581-32349B46A2DF}.Debug|Any CPU.Build.0 = Debug|Any CPU
		{93855364-E802-4EBE-9581-32349B46A2DF}.Release|Any CPU.ActiveCfg = Release|Any CPU
		{93855364-E802-4EBE-9581-32349B46A2DF}.Release|Any CPU.Build.0 = Release|Any CPU
	EndGlobalSection
	GlobalSection(SolutionProperties) = preSolution
		HideSolutionNode = FALSE
	EndGlobalSection
	GlobalSection(ExtensibilityGlobals) = postSolution
		SolutionGuid = {6405C95E-061D-4F83-B891-4E89891085FD}
	EndGlobalSection
EndGlobal
